// !$*UTF8*$!
{
	archiveVersion = 1;
	classes = {
	};
	objectVersion = 46;
	objects = {

/* Begin PBXBuildFile section */
		2787C35318FD9CFF00247D79 /* HHTestTableViewCell.m in Sources */ = {isa = PBXBuildFile; fileRef = 2787C35218FD9CFF00247D79 /* HHTestTableViewCell.m */; };
		27FE216C18E5ED3100BFEEF8 /* Foundation.framework in Frameworks */ = {isa = PBXBuildFile; fileRef = 27FE216B18E5ED3100BFEEF8 /* Foundation.framework */; };
		27FE216E18E5ED3100BFEEF8 /* CoreGraphics.framework in Frameworks */ = {isa = PBXBuildFile; fileRef = 27FE216D18E5ED3100BFEEF8 /* CoreGraphics.framework */; };
		27FE217018E5ED3100BFEEF8 /* UIKit.framework in Frameworks */ = {isa = PBXBuildFile; fileRef = 27FE216F18E5ED3100BFEEF8 /* UIKit.framework */; };
		27FE217618E5ED3100BFEEF8 /* InfoPlist.strings in Resources */ = {isa = PBXBuildFile; fileRef = 27FE217418E5ED3100BFEEF8 /* InfoPlist.strings */; };
		27FE217818E5ED3100BFEEF8 /* main.m in Sources */ = {isa = PBXBuildFile; fileRef = 27FE217718E5ED3100BFEEF8 /* main.m */; };
		27FE217C18E5ED3100BFEEF8 /* AppDelegate.m in Sources */ = {isa = PBXBuildFile; fileRef = 27FE217B18E5ED3100BFEEF8 /* AppDelegate.m */; };
		27FE217E18E5ED3100BFEEF8 /* Images.xcassets in Resources */ = {isa = PBXBuildFile; fileRef = 27FE217D18E5ED3100BFEEF8 /* Images.xcassets */; };
		27FE218518E5ED3100BFEEF8 /* XCTest.framework in Frameworks */ = {isa = PBXBuildFile; fileRef = 27FE218418E5ED3100BFEEF8 /* XCTest.framework */; };
		27FE218618E5ED3100BFEEF8 /* Foundation.framework in Frameworks */ = {isa = PBXBuildFile; fileRef = 27FE216B18E5ED3100BFEEF8 /* Foundation.framework */; };
		27FE218718E5ED3100BFEEF8 /* UIKit.framework in Frameworks */ = {isa = PBXBuildFile; fileRef = 27FE216F18E5ED3100BFEEF8 /* UIKit.framework */; };
		27FE218F18E5ED3100BFEEF8 /* InfoPlist.strings in Resources */ = {isa = PBXBuildFile; fileRef = 27FE218D18E5ED3100BFEEF8 /* InfoPlist.strings */; };
		27FE219118E5ED3100BFEEF8 /* HHSwipeTableViewTests.m in Sources */ = {isa = PBXBuildFile; fileRef = 27FE219018E5ED3100BFEEF8 /* HHSwipeTableViewTests.m */; };
		27FE21A418E5ED7400BFEEF8 /* HHScrollView.m in Sources */ = {isa = PBXBuildFile; fileRef = 27FE219B18E5ED7400BFEEF8 /* HHScrollView.m */; };
		27FE21A518E5ED7400BFEEF8 /* HHSwipeButton.m in Sources */ = {isa = PBXBuildFile; fileRef = 27FE219D18E5ED7400BFEEF8 /* HHSwipeButton.m */; };
		27FE21A618E5ED7400BFEEF8 /* HHSwipeTableView.m in Sources */ = {isa = PBXBuildFile; fileRef = 27FE219F18E5ED7400BFEEF8 /* HHSwipeTableView.m */; };
		27FE21A718E5ED7400BFEEF8 /* HHSwipeTableViewCell.m in Sources */ = {isa = PBXBuildFile; fileRef = 27FE21A118E5ED7400BFEEF8 /* HHSwipeTableViewCell.m */; };
		27FE21A818E5ED7400BFEEF8 /* HHTapGestureRecognizer.m in Sources */ = {isa = PBXBuildFile; fileRef = 27FE21A318E5ED7400BFEEF8 /* HHTapGestureRecognizer.m */; };
		27FE21AB18E5EDCC00BFEEF8 /* HHViewController.m in Sources */ = {isa = PBXBuildFile; fileRef = 27FE21AA18E5EDCC00BFEEF8 /* HHViewController.m */; };
/* End PBXBuildFile section */

/* Begin PBXContainerItemProxy section */
		27FE218818E5ED3100BFEEF8 /* PBXContainerItemProxy */ = {
			isa = PBXContainerItemProxy;
			containerPortal = 27FE216018E5ED3100BFEEF8 /* Project object */;
			proxyType = 1;
			remoteGlobalIDString = 27FE216718E5ED3100BFEEF8;
			remoteInfo = HHSwipeTableView;
		};
/* End PBXContainerItemProxy section */

/* Begin PBXFileReference section */
		2787C35118FD9CFF00247D79 /* HHTestTableViewCell.h */ = {isa = PBXFileReference; fileEncoding = 4; lastKnownFileType = sourcecode.c.h; path = HHTestTableViewCell.h; sourceTree = "<group>"; };
		2787C35218FD9CFF00247D79 /* HHTestTableViewCell.m */ = {isa = PBXFileReference; fileEncoding = 4; lastKnownFileType = sourcecode.c.objc; path = HHTestTableViewCell.m; sourceTree = "<group>"; };
		27A1483718E645DC00A93F86 /* HHTrace.h */ = {isa = PBXFileReference; fileEncoding = 4; lastKnownFileType = sourcecode.c.h; path = HHTrace.h; sourceTree = "<group>"; };
		27FE216818E5ED3100BFEEF8 /* HHSwipeTableView.app */ = {isa = PBXFileReference; explicitFileType = wrapper.application; includeInIndex = 0; path = HHSwipeTableView.app; sourceTree = BUILT_PRODUCTS_DIR; };
		27FE216B18E5ED3100BFEEF8 /* Foundation.framework */ = {isa = PBXFileReference; lastKnownFileType = wrapper.framework; name = Foundation.framework; path = System/Library/Frameworks/Foundation.framework; sourceTree = SDKROOT; };
		27FE216D18E5ED3100BFEEF8 /* CoreGraphics.framework */ = {isa = PBXFileReference; lastKnownFileType = wrapper.framework; name = CoreGraphics.framework; path = System/Library/Frameworks/CoreGraphics.framework; sourceTree = SDKROOT; };
		27FE216F18E5ED3100BFEEF8 /* UIKit.framework */ = {isa = PBXFileReference; lastKnownFileType = wrapper.framework; name = UIKit.framework; path = System/Library/Frameworks/UIKit.framework; sourceTree = SDKROOT; };
		27FE217318E5ED3100BFEEF8 /* HHSwipeTableView-Info.plist */ = {isa = PBXFileReference; lastKnownFileType = text.plist.xml; path = "HHSwipeTableView-Info.plist"; sourceTree = "<group>"; };
		27FE217518E5ED3100BFEEF8 /* en */ = {isa = PBXFileReference; lastKnownFileType = text.plist.strings; name = en; path = en.lproj/InfoPlist.strings; sourceTree = "<group>"; };
		27FE217718E5ED3100BFEEF8 /* main.m */ = {isa = PBXFileReference; lastKnownFileType = sourcecode.c.objc; path = main.m; sourceTree = "<group>"; };
		27FE217918E5ED3100BFEEF8 /* HHSwipeTableView-Prefix.pch */ = {isa = PBXFileReference; lastKnownFileType = sourcecode.c.h; path = "HHSwipeTableView-Prefix.pch"; sourceTree = "<group>"; };
		27FE217A18E5ED3100BFEEF8 /* AppDelegate.h */ = {isa = PBXFileReference; lastKnownFileType = sourcecode.c.h; path = AppDelegate.h; sourceTree = "<group>"; };
		27FE217B18E5ED3100BFEEF8 /* AppDelegate.m */ = {isa = PBXFileReference; lastKnownFileType = sourcecode.c.objc; path = AppDelegate.m; sourceTree = "<group>"; };
		27FE217D18E5ED3100BFEEF8 /* Images.xcassets */ = {isa = PBXFileReference; lastKnownFileType = folder.assetcatalog; path = Images.xcassets; sourceTree = "<group>"; };
		27FE218318E5ED3100BFEEF8 /* HHSwipeTableViewTests.xctest */ = {isa = PBXFileReference; explicitFileType = wrapper.cfbundle; includeInIndex = 0; path = HHSwipeTableViewTests.xctest; sourceTree = BUILT_PRODUCTS_DIR; };
		27FE218418E5ED3100BFEEF8 /* XCTest.framework */ = {isa = PBXFileReference; lastKnownFileType = wrapper.framework; name = XCTest.framework; path = Library/Frameworks/XCTest.framework; sourceTree = DEVELOPER_DIR; };
		27FE218C18E5ED3100BFEEF8 /* HHSwipeTableViewTests-Info.plist */ = {isa = PBXFileReference; lastKnownFileType = text.plist.xml; path = "HHSwipeTableViewTests-Info.plist"; sourceTree = "<group>"; };
		27FE218E18E5ED3100BFEEF8 /* en */ = {isa = PBXFileReference; lastKnownFileType = text.plist.strings; name = en; path = en.lproj/InfoPlist.strings; sourceTree = "<group>"; };
		27FE219018E5ED3100BFEEF8 /* HHSwipeTableViewTests.m */ = {isa = PBXFileReference; lastKnownFileType = sourcecode.c.objc; path = HHSwipeTableViewTests.m; sourceTree = "<group>"; };
		27FE219A18E5ED7400BFEEF8 /* HHScrollView.h */ = {isa = PBXFileReference; fileEncoding = 4; lastKnownFileType = sourcecode.c.h; path = HHScrollView.h; sourceTree = "<group>"; };
		27FE219B18E5ED7400BFEEF8 /* HHScrollView.m */ = {isa = PBXFileReference; fileEncoding = 4; lastKnownFileType = sourcecode.c.objc; path = HHScrollView.m; sourceTree = "<group>"; };
		27FE219C18E5ED7400BFEEF8 /* HHSwipeButton.h */ = {isa = PBXFileReference; fileEncoding = 4; lastKnownFileType = sourcecode.c.h; path = HHSwipeButton.h; sourceTree = "<group>"; };
		27FE219D18E5ED7400BFEEF8 /* HHSwipeButton.m */ = {isa = PBXFileReference; fileEncoding = 4; lastKnownFileType = sourcecode.c.objc; path = HHSwipeButton.m; sourceTree = "<group>"; };
		27FE219E18E5ED7400BFEEF8 /* HHSwipeTableView.h */ = {isa = PBXFileReference; fileEncoding = 4; lastKnownFileType = sourcecode.c.h; path = HHSwipeTableView.h; sourceTree = "<group>"; };
		27FE219F18E5ED7400BFEEF8 /* HHSwipeTableView.m */ = {isa = PBXFileReference; fileEncoding = 4; lastKnownFileType = sourcecode.c.objc; path = HHSwipeTableView.m; sourceTree = "<group>"; };
		27FE21A018E5ED7400BFEEF8 /* HHSwipeTableViewCell.h */ = {isa = PBXFileReference; fileEncoding = 4; lastKnownFileType = sourcecode.c.h; path = HHSwipeTableViewCell.h; sourceTree = "<group>"; };
		27FE21A118E5ED7400BFEEF8 /* HHSwipeTableViewCell.m */ = {isa = PBXFileReference; fileEncoding = 4; lastKnownFileType = sourcecode.c.objc; path = HHSwipeTableViewCell.m; sourceTree = "<group>"; };
		27FE21A218E5ED7400BFEEF8 /* HHTapGestureRecognizer.h */ = {isa = PBXFileReference; fileEncoding = 4; lastKnownFileType = sourcecode.c.h; path = HHTapGestureRecognizer.h; sourceTree = "<group>"; };
		27FE21A318E5ED7400BFEEF8 /* HHTapGestureRecognizer.m */ = {isa = PBXFileReference; fileEncoding = 4; lastKnownFileType = sourcecode.c.objc; path = HHTapGestureRecognizer.m; sourceTree = "<group>"; };
		27FE21A918E5EDCC00BFEEF8 /* HHViewController.h */ = {isa = PBXFileReference; fileEncoding = 4; lastKnownFileType = sourcecode.c.h; path = HHViewController.h; sourceTree = "<group>"; };
		27FE21AA18E5EDCC00BFEEF8 /* HHViewController.m */ = {isa = PBXFileReference; fileEncoding = 4; lastKnownFileType = sourcecode.c.objc; path = HHViewController.m; sourceTree = "<group>"; };
/* End PBXFileReference section */

/* Begin PBXFrameworksBuildPhase section */
		27FE216518E5ED3100BFEEF8 /* Frameworks */ = {
			isa = PBXFrameworksBuildPhase;
			buildActionMask = 2147483647;
			files = (
				27FE216E18E5ED3100BFEEF8 /* CoreGraphics.framework in Frameworks */,
				27FE217018E5ED3100BFEEF8 /* UIKit.framework in Frameworks */,
				27FE216C18E5ED3100BFEEF8 /* Foundation.framework in Frameworks */,
			);
			runOnlyForDeploymentPostprocessing = 0;
		};
		27FE218018E5ED3100BFEEF8 /* Frameworks */ = {
			isa = PBXFrameworksBuildPhase;
			buildActionMask = 2147483647;
			files = (
				27FE218518E5ED3100BFEEF8 /* XCTest.framework in Frameworks */,
				27FE218718E5ED3100BFEEF8 /* UIKit.framework in Frameworks */,
				27FE218618E5ED3100BFEEF8 /* Foundation.framework in Frameworks */,
			);
			runOnlyForDeploymentPostprocessing = 0;
		};
/* End PBXFrameworksBuildPhase section */

/* Begin PBXGroup section */
		27FE215F18E5ED3100BFEEF8 = {
			isa = PBXGroup;
			children = (
				27FE217118E5ED3100BFEEF8 /* HHSwipeTableView */,
				27FE218A18E5ED3100BFEEF8 /* HHSwipeTableViewTests */,
				27FE216A18E5ED3100BFEEF8 /* Frameworks */,
				27FE216918E5ED3100BFEEF8 /* Products */,
			);
			sourceTree = "<group>";
		};
		27FE216918E5ED3100BFEEF8 /* Products */ = {
			isa = PBXGroup;
			children = (
				27FE216818E5ED3100BFEEF8 /* HHSwipeTableView.app */,
				27FE218318E5ED3100BFEEF8 /* HHSwipeTableViewTests.xctest */,
			);
			name = Products;
			sourceTree = "<group>";
		};
		27FE216A18E5ED3100BFEEF8 /* Frameworks */ = {
			isa = PBXGroup;
			children = (
				27FE216B18E5ED3100BFEEF8 /* Foundation.framework */,
				27FE216D18E5ED3100BFEEF8 /* CoreGraphics.framework */,
				27FE216F18E5ED3100BFEEF8 /* UIKit.framework */,
				27FE218418E5ED3100BFEEF8 /* XCTest.framework */,
			);
			name = Frameworks;
			sourceTree = "<group>";
		};
		27FE217118E5ED3100BFEEF8 /* HHSwipeTableView */ = {
			isa = PBXGroup;
			children = (
				27A1483718E645DC00A93F86 /* HHTrace.h */,
				27FE219A18E5ED7400BFEEF8 /* HHScrollView.h */,
				27FE219B18E5ED7400BFEEF8 /* HHScrollView.m */,
				27FE219C18E5ED7400BFEEF8 /* HHSwipeButton.h */,
				27FE219D18E5ED7400BFEEF8 /* HHSwipeButton.m */,
				27FE219E18E5ED7400BFEEF8 /* HHSwipeTableView.h */,
				27FE219F18E5ED7400BFEEF8 /* HHSwipeTableView.m */,
				27FE21A018E5ED7400BFEEF8 /* HHSwipeTableViewCell.h */,
				27FE21A118E5ED7400BFEEF8 /* HHSwipeTableViewCell.m */,
				27FE21A218E5ED7400BFEEF8 /* HHTapGestureRecognizer.h */,
				27FE21A318E5ED7400BFEEF8 /* HHTapGestureRecognizer.m */,
				2787C35118FD9CFF00247D79 /* HHTestTableViewCell.h */,
				2787C35218FD9CFF00247D79 /* HHTestTableViewCell.m */,
				27FE21A918E5EDCC00BFEEF8 /* HHViewController.h */,
				27FE21AA18E5EDCC00BFEEF8 /* HHViewController.m */,
				27FE217A18E5ED3100BFEEF8 /* AppDelegate.h */,
				27FE217B18E5ED3100BFEEF8 /* AppDelegate.m */,
				27FE217D18E5ED3100BFEEF8 /* Images.xcassets */,
				27FE217218E5ED3100BFEEF8 /* Supporting Files */,
			);
			path = HHSwipeTableView;
			sourceTree = "<group>";
		};
		27FE217218E5ED3100BFEEF8 /* Supporting Files */ = {
			isa = PBXGroup;
			children = (
				27FE217318E5ED3100BFEEF8 /* HHSwipeTableView-Info.plist */,
				27FE217418E5ED3100BFEEF8 /* InfoPlist.strings */,
				27FE217718E5ED3100BFEEF8 /* main.m */,
				27FE217918E5ED3100BFEEF8 /* HHSwipeTableView-Prefix.pch */,
			);
			name = "Supporting Files";
			sourceTree = "<group>";
		};
		27FE218A18E5ED3100BFEEF8 /* HHSwipeTableViewTests */ = {
			isa = PBXGroup;
			children = (
				27FE219018E5ED3100BFEEF8 /* HHSwipeTableViewTests.m */,
				27FE218B18E5ED3100BFEEF8 /* Supporting Files */,
			);
			path = HHSwipeTableViewTests;
			sourceTree = "<group>";
		};
		27FE218B18E5ED3100BFEEF8 /* Supporting Files */ = {
			isa = PBXGroup;
			children = (
				27FE218C18E5ED3100BFEEF8 /* HHSwipeTableViewTests-Info.plist */,
				27FE218D18E5ED3100BFEEF8 /* InfoPlist.strings */,
			);
			name = "Supporting Files";
			sourceTree = "<group>";
		};
/* End PBXGroup section */

/* Begin PBXNativeTarget section */
		27FE216718E5ED3100BFEEF8 /* HHSwipeTableView */ = {
			isa = PBXNativeTarget;
			buildConfigurationList = 27FE219418E5ED3100BFEEF8 /* Build configuration list for PBXNativeTarget "HHSwipeTableView" */;
			buildPhases = (
				27FE216418E5ED3100BFEEF8 /* Sources */,
				27FE216518E5ED3100BFEEF8 /* Frameworks */,
				27FE216618E5ED3100BFEEF8 /* Resources */,
			);
			buildRules = (
			);
			dependencies = (
			);
			name = HHSwipeTableView;
			productName = HHSwipeTableView;
			productReference = 27FE216818E5ED3100BFEEF8 /* HHSwipeTableView.app */;
			productType = "com.apple.product-type.application";
		};
		27FE218218E5ED3100BFEEF8 /* HHSwipeTableViewTests */ = {
			isa = PBXNativeTarget;
			buildConfigurationList = 27FE219718E5ED3100BFEEF8 /* Build configuration list for PBXNativeTarget "HHSwipeTableViewTests" */;
			buildPhases = (
				27FE217F18E5ED3100BFEEF8 /* Sources */,
				27FE218018E5ED3100BFEEF8 /* Frameworks */,
				27FE218118E5ED3100BFEEF8 /* Resources */,
			);
			buildRules = (
			);
			dependencies = (
				27FE218918E5ED3100BFEEF8 /* PBXTargetDependency */,
			);
			name = HHSwipeTableViewTests;
			productName = HHSwipeTableViewTests;
			productReference = 27FE218318E5ED3100BFEEF8 /* HHSwipeTableViewTests.xctest */;
			productType = "com.apple.product-type.bundle.unit-test";
		};
/* End PBXNativeTarget section */

/* Begin PBXProject section */
		27FE216018E5ED3100BFEEF8 /* Project object */ = {
			isa = PBXProject;
			attributes = {
				LastUpgradeCheck = 0510;
				ORGANIZATIONNAME = "Yuk Lai Suen";
				TargetAttributes = {
					27FE218218E5ED3100BFEEF8 = {
						TestTargetID = 27FE216718E5ED3100BFEEF8;
					};
				};
			};
			buildConfigurationList = 27FE216318E5ED3100BFEEF8 /* Build configuration list for PBXProject "HHSwipeTableView" */;
			compatibilityVersion = "Xcode 3.2";
			developmentRegion = English;
			hasScannedForEncodings = 0;
			knownRegions = (
				en,
			);
			mainGroup = 27FE215F18E5ED3100BFEEF8;
			productRefGroup = 27FE216918E5ED3100BFEEF8 /* Products */;
			projectDirPath = "";
			projectRoot = "";
			targets = (
				27FE216718E5ED3100BFEEF8 /* HHSwipeTableView */,
				27FE218218E5ED3100BFEEF8 /* HHSwipeTableViewTests */,
			);
		};
/* End PBXProject section */

/* Begin PBXResourcesBuildPhase section */
		27FE216618E5ED3100BFEEF8 /* Resources */ = {
			isa = PBXResourcesBuildPhase;
			buildActionMask = 2147483647;
			files = (
				27FE217618E5ED3100BFEEF8 /* InfoPlist.strings in Resources */,
				27FE217E18E5ED3100BFEEF8 /* Images.xcassets in Resources */,
			);
			runOnlyForDeploymentPostprocessing = 0;
		};
		27FE218118E5ED3100BFEEF8 /* Resources */ = {
			isa = PBXResourcesBuildPhase;
			buildActionMask = 2147483647;
			files = (
				27FE218F18E5ED3100BFEEF8 /* InfoPlist.strings in Resources */,
			);
			runOnlyForDeploymentPostprocessing = 0;
		};
/* End PBXResourcesBuildPhase section */

/* Begin PBXSourcesBuildPhase section */
		27FE216418E5ED3100BFEEF8 /* Sources */ = {
			isa = PBXSourcesBuildPhase;
			buildActionMask = 2147483647;
			files = (
				27FE21A818E5ED7400BFEEF8 /* HHTapGestureRecognizer.m in Sources */,
				27FE21A418E5ED7400BFEEF8 /* HHScrollView.m in Sources */,
				27FE217C18E5ED3100BFEEF8 /* AppDelegate.m in Sources */,
				2787C35318FD9CFF00247D79 /* HHTestTableViewCell.m in Sources */,
				27FE21A718E5ED7400BFEEF8 /* HHSwipeTableViewCell.m in Sources */,
				27FE21AB18E5EDCC00BFEEF8 /* HHViewController.m in Sources */,
				27FE21A518E5ED7400BFEEF8 /* HHSwipeButton.m in Sources */,
				27FE217818E5ED3100BFEEF8 /* main.m in Sources */,
				27FE21A618E5ED7400BFEEF8 /* HHSwipeTableView.m in Sources */,
			);
			runOnlyForDeploymentPostprocessing = 0;
		};
		27FE217F18E5ED3100BFEEF8 /* Sources */ = {
			isa = PBXSourcesBuildPhase;
			buildActionMask = 2147483647;
			files = (
				27FE219118E5ED3100BFEEF8 /* HHSwipeTableViewTests.m in Sources */,
			);
			runOnlyForDeploymentPostprocessing = 0;
		};
/* End PBXSourcesBuildPhase section */

/* Begin PBXTargetDependency section */
		27FE218918E5ED3100BFEEF8 /* PBXTargetDependency */ = {
			isa = PBXTargetDependency;
			target = 27FE216718E5ED3100BFEEF8 /* HHSwipeTableView */;
			targetProxy = 27FE218818E5ED3100BFEEF8 /* PBXContainerItemProxy */;
		};
/* End PBXTargetDependency section */

/* Begin PBXVariantGroup section */
		27FE217418E5ED3100BFEEF8 /* InfoPlist.strings */ = {
			isa = PBXVariantGroup;
			children = (
				27FE217518E5ED3100BFEEF8 /* en */,
			);
			name = InfoPlist.strings;
			sourceTree = "<group>";
		};
		27FE218D18E5ED3100BFEEF8 /* InfoPlist.strings */ = {
			isa = PBXVariantGroup;
			children = (
				27FE218E18E5ED3100BFEEF8 /* en */,
			);
			name = InfoPlist.strings;
			sourceTree = "<group>";
		};
/* End PBXVariantGroup section */

/* Begin XCBuildConfiguration section */
		27FE219218E5ED3100BFEEF8 /* Debug */ = {
			isa = XCBuildConfiguration;
			buildSettings = {
				ALWAYS_SEARCH_USER_PATHS = NO;
				CLANG_CXX_LANGUAGE_STANDARD = "gnu++0x";
				CLANG_CXX_LIBRARY = "libc++";
				CLANG_ENABLE_MODULES = YES;
				CLANG_ENABLE_OBJC_ARC = YES;
				CLANG_WARN_BOOL_CONVERSION = YES;
				CLANG_WARN_CONSTANT_CONVERSION = YES;
				CLANG_WARN_DIRECT_OBJC_ISA_USAGE = YES_ERROR;
				CLANG_WARN_EMPTY_BODY = YES;
				CLANG_WARN_ENUM_CONVERSION = YES;
				CLANG_WARN_INT_CONVERSION = YES;
				CLANG_WARN_OBJC_ROOT_CLASS = YES_ERROR;
				CLANG_WARN__DUPLICATE_METHOD_MATCH = YES;
				"CODE_SIGN_IDENTITY[sdk=iphoneos*]" = "iPhone Developer";
				COPY_PHASE_STRIP = NO;
				GCC_C_LANGUAGE_STANDARD = gnu99;
				GCC_DYNAMIC_NO_PIC = NO;
				GCC_OPTIMIZATION_LEVEL = 0;
				GCC_PREPROCESSOR_DEFINITIONS = (
					"DEBUG=1",
					"$(inherited)",
				);
				GCC_SYMBOLS_PRIVATE_EXTERN = NO;
				GCC_WARN_64_TO_32_BIT_CONVERSION = YES;
				GCC_WARN_ABOUT_RETURN_TYPE = YES_ERROR;
				GCC_WARN_UNDECLARED_SELECTOR = YES;
				GCC_WARN_UNINITIALIZED_AUTOS = YES_AGGRESSIVE;
				GCC_WARN_UNUSED_FUNCTION = YES;
				GCC_WARN_UNUSED_VARIABLE = YES;
				IPHONEOS_DEPLOYMENT_TARGET = 7.1;
				ONLY_ACTIVE_ARCH = YES;
				SDKROOT = iphoneos;
				TARGETED_DEVICE_FAMILY = "1,2";
			};
			name = Debug;
		};
		27FE219318E5ED3100BFEEF8 /* Release */ = {
			isa = XCBuildConfiguration;
			buildSettings = {
				ALWAYS_SEARCH_USER_PATHS = NO;
				CLANG_CXX_LANGUAGE_STANDARD = "gnu++0x";
				CLANG_CXX_LIBRARY = "libc++";
				CLANG_ENABLE_MODULES = YES;
				CLANG_ENABLE_OBJC_ARC = YES;
				CLANG_WARN_BOOL_CONVERSION = YES;
				CLANG_WARN_CONSTANT_CONVERSION = YES;
				CLANG_WARN_DIRECT_OBJC_ISA_USAGE = YES_ERROR;
				CLANG_WARN_EMPTY_BODY = YES;
				CLANG_WARN_ENUM_CONVERSION = YES;
				CLANG_WARN_INT_CONVERSION = YES;
				CLANG_WARN_OBJC_ROOT_CLASS = YES_ERROR;
				CLANG_WARN__DUPLICATE_METHOD_MATCH = YES;
				"CODE_SIGN_IDENTITY[sdk=iphoneos*]" = "iPhone Developer";
				COPY_PHASE_STRIP = YES;
				ENABLE_NS_ASSERTIONS = NO;
				GCC_C_LANGUAGE_STANDARD = gnu99;
				GCC_WARN_64_TO_32_BIT_CONVERSION = YES;
				GCC_WARN_ABOUT_RETURN_TYPE = YES_ERROR;
				GCC_WARN_UNDECLARED_SELECTOR = YES;
				GCC_WARN_UNINITIALIZED_AUTOS = YES_AGGRESSIVE;
				GCC_WARN_UNUSED_FUNCTION = YES;
				GCC_WARN_UNUSED_VARIABLE = YES;
				IPHONEOS_DEPLOYMENT_TARGET = 7.1;
				SDKROOT = iphoneos;
				TARGETED_DEVICE_FAMILY = "1,2";
				VALIDATE_PRODUCT = YES;
			};
			name = Release;
		};
		27FE219518E5ED3100BFEEF8 /* Debug */ = {
			isa = XCBuildConfiguration;
			buildSettings = {
				ASSETCATALOG_COMPILER_APPICON_NAME = AppIcon;
				ASSETCATALOG_COMPILER_LAUNCHIMAGE_NAME = LaunchImage;
				GCC_PRECOMPILE_PREFIX_HEADER = YES;
				GCC_PREFIX_HEADER = "HHSwipeTableView/HHSwipeTableView-Prefix.pch";
				INFOPLIST_FILE = "HHSwipeTableView/HHSwipeTableView-Info.plist";
				PRODUCT_NAME = "$(TARGET_NAME)";
				WRAPPER_EXTENSION = app;
			};
			name = Debug;
		};
		27FE219618E5ED3100BFEEF8 /* Release */ = {
			isa = XCBuildConfiguration;
			buildSettings = {
				ASSETCATALOG_COMPILER_APPICON_NAME = AppIcon;
				ASSETCATALOG_COMPILER_LAUNCHIMAGE_NAME = LaunchImage;
				GCC_PRECOMPILE_PREFIX_HEADER = YES;
				GCC_PREFIX_HEADER = "HHSwipeTableView/HHSwipeTableView-Prefix.pch";
				INFOPLIST_FILE = "HHSwipeTableView/HHSwipeTableView-Info.plist";
				PRODUCT_NAME = "$(TARGET_NAME)";
				WRAPPER_EXTENSION = app;
			};
			name = Release;
		};
		27FE219818E5ED3100BFEEF8 /* Debug */ = {
			isa = XCBuildConfiguration;
			buildSettings = {
				BUNDLE_LOADER = "$(BUILT_PRODUCTS_DIR)/HHSwipeTableView.app/HHSwipeTableView";
				FRAMEWORK_SEARCH_PATHS = (
					"$(SDKROOT)/Developer/Library/Frameworks",
					"$(inherited)",
					"$(DEVELOPER_FRAMEWORKS_DIR)",
				);
				GCC_PRECOMPILE_PREFIX_HEADER = YES;
				GCC_PREFIX_HEADER = "HHSwipeTableView/HHSwipeTableView-Prefix.pch";
				GCC_PREPROCESSOR_DEFINITIONS = (
					"DEBUG=1",
					"$(inherited)",
				);
				INFOPLIST_FILE = "HHSwipeTableViewTests/HHSwipeTableViewTests-Info.plist";
				PRODUCT_NAME = "$(TARGET_NAME)";
				TEST_HOST = "$(BUNDLE_LOADER)";
				WRAPPER_EXTENSION = xctest;
			};
			name = Debug;
		};
		27FE219918E5ED3100BFEEF8 /* Release */ = {
			isa = XCBuildConfiguration;
			buildSettings = {
				BUNDLE_LOADER = "$(BUILT_PRODUCTS_DIR)/HHSwipeTableView.app/HHSwipeTableView";
				FRAMEWORK_SEARCH_PATHS = (
					"$(SDKROOT)/Developer/Library/Frameworks",
					"$(inherited)",
					"$(DEVELOPER_FRAMEWORKS_DIR)",
				);
				GCC_PRECOMPILE_PREFIX_HEADER = YES;
				GCC_PREFIX_HEADER = "HHSwipeTableView/HHSwipeTableView-Prefix.pch";
				INFOPLIST_FILE = "HHSwipeTableViewTests/HHSwipeTableViewTests-Info.plist";
				PRODUCT_NAME = "$(TARGET_NAME)";
				TEST_HOST = "$(BUNDLE_LOADER)";
				WRAPPER_EXTENSION = xctest;
			};
			name = Release;
		};
/* End XCBuildConfiguration section */

/* Begin XCConfigurationList section */
		27FE216318E5ED3100BFEEF8 /* Build configuration list for PBXProject "HHSwipeTableView" */ = {
			isa = XCConfigurationList;
			buildConfigurations = (
				27FE219218E5ED3100BFEEF8 /* Debug */,
				27FE219318E5ED3100BFEEF8 /* Release */,
			);
			defaultConfigurationIsVisible = 0;
			defaultConfigurationName = Release;
		};
		27FE219418E5ED3100BFEEF8 /* Build configuration list for PBXNativeTarget "HHSwipeTableView" */ = {
			isa = XCConfigurationList;
			buildConfigurations = (
				27FE219518E5ED3100BFEEF8 /* Debug */,
				27FE219618E5ED3100BFEEF8 /* Release */,
			);
			defaultConfigurationIsVisible = 0;
			defaultConfigurationName = Release;
		};
		27FE219718E5ED3100BFEEF8 /* Build configuration list for PBXNativeTarget "HHSwipeTableViewTests" */ = {
			isa = XCConfigurationList;
			buildConfigurations = (
				27FE219818E5ED3100BFEEF8 /* Debug */,
				27FE219918E5ED3100BFEEF8 /* Release */,
			);
			defaultConfigurationIsVisible = 0;
			defaultConfigurationName = Release;
		};
/* End XCConfigurationList section */
	};
	rootObject = 27FE216018E5ED3100BFEEF8 /* Project object */;
}
